
Microsoft Visual Studio Solution File, Format Version 12.00
# Visual Studio 15
VisualStudioVersion = 15.0.27703.2026
MinimumVisualStudioVersion = 10.0.40219.1
Project("{FAE04EC0-301F-11D3-BF4B-00C04F79EFBC}") = "HifiSlides", "HifiSlides\HifiSlides.csproj", "{204F2995-CF7B-402A-BB84-1ACD61F71409}"
EndProject
Project("{FAE04EC0-301F-11D3-BF4B-00C04F79EFBC}") = "SlidesManager", "SlidesManager\SlidesManager.csproj", "{E198EB62-3D5E-4735-BFF9-BFC2C075D5AA}"
EndProject
Global
	GlobalSection(SolutionConfigurationPlatforms) = preSolution
		Debug|Any CPU = Debug|Any CPU
		Release|Any CPU = Release|Any CPU
	EndGlobalSection
	GlobalSection(ProjectConfigurationPlatforms) = postSolution
		{204F2995-CF7B-402A-BB84-1ACD61F71409}.Debug|Any CPU.ActiveCfg = Debug|Any CPU
		{204F2995-CF7B-402A-BB84-1ACD61F71409}.Debug|Any CPU.Build.0 = Debug|Any CPU
		{204F2995-CF7B-402A-BB84-1ACD61F71409}.Release|Any CPU.ActiveCfg = Release|Any CPU
		{204F2995-CF7B-402A-BB84-1ACD61F71409}.Release|Any CPU.Build.0 = Release|Any CPU
		{E198EB62-3D5E-4735-BFF9-BFC2C075D5AA}.Debug|Any CPU.ActiveCfg = Debug|Any CPU
		{E198EB62-3D5E-4735-BFF9-BFC2C075D5AA}.Debug|Any CPU.Build.0 = Debug|Any CPU
		{E198EB62-3D5E-4735-BFF9-BFC2C075D5AA}.Release|Any CPU.ActiveCfg = Release|Any CPU
		{E198EB62-3D5E-4735-BFF9-BFC2C075D5AA}.Release|Any CPU.Build.0 = Release|Any CPU
	EndGlobalSection
	GlobalSection(SolutionProperties) = preSolution
		HideSolutionNode = FALSE
	EndGlobalSection
	GlobalSection(ExtensibilityGlobals) = postSolution
		SolutionGuid = {F8E1E5E7-3EA9-460A-9BDA-435D8DFD59FA}
	EndGlobalSection
EndGlobal
